
Microsoft Visual Studio Solution File, Format Version 12.00
# Visual Studio 15
VisualStudioVersion = 15.0.28307.757
MinimumVisualStudioVersion = 10.0.40219.1
Project("{9A19103F-16F7-4668-BE54-9A1E7A4F7556}") = "Capricorn", "Capricorn\Capricorn.csproj", "{49DEE3E4-DD92-4670-8CB5-FE5825B2F510}"
EndProject
Project("{2150E333-8FDC-42A3-9474-1A3956D46DE8}") = "Capricorn.Infrastructure 基础模块", "Capricorn.Infrastructure 基础模块", "{90E3F378-CF30-4DF8-98C9-F86D62C0875F}"
EndProject
Project("{2150E333-8FDC-42A3-9474-1A3956D46DE8}") = "Capricorn.Web", "Capricorn.Web", "{2C0A8483-FFB7-459D-97F2-F4F57632C200}"
EndProject
Project("{2150E333-8FDC-42A3-9474-1A3956D46DE8}") = "Cache", "Cache", "{34D72C6A-23F7-479E-A136-CA52A1B385E2}"
EndProject
Project("{9A19103F-16F7-4668-BE54-9A1E7A4F7556}") = "Capricorn.Cache.Redis", "Capricorn.Infrastructure\Cache\Capricorn.Cache.Redis\Capricorn.Cache.Redis.csproj", "{8F329AEC-9553-4610-B528-9668E54D4D32}"
EndProject
Project("{2150E333-8FDC-42A3-9474-1A3956D46DE8}") = "Capricorn.Logic 逻辑模块", "Capricorn.Logic 逻辑模块", "{D9AFA30C-8843-494A-A0D8-54FB6112AEBC}"
EndProject
Project("{2150E333-8FDC-42A3-9474-1A3956D46DE8}") = "Ioc", "Ioc", "{3DF07DF4-8855-4CCA-84ED-C61E370A86E2}"
EndProject
Project("{2150E333-8FDC-42A3-9474-1A3956D46DE8}") = "Db", "Db", "{3AD75FE3-1798-4316-BB0A-2B7D6E8B365A}"
EndProject
Project("{2150E333-8FDC-42A3-9474-1A3956D46DE8}") = "Log", "Log", "{13CF0C86-E047-45F0-A695-0520990DA479}"
EndProject
Project("{9A19103F-16F7-4668-BE54-9A1E7A4F7556}") = "Capricorn.Db.SqlServer", "Capricorn.Db.SqlServer\Capricorn.Db.SqlServer.csproj", "{13FF230B-4E76-4758-B3B5-5930709B68B2}"
EndProject
Project("{2150E333-8FDC-42A3-9474-1A3956D46DE8}") = "01数据库实体映射", "01数据库实体映射", "{C79197A3-CE41-41EE-B5C8-AC75033CA162}"
EndProject
Project("{2150E333-8FDC-42A3-9474-1A3956D46DE8}") = "02框架模块", "02框架模块", "{44340EF3-4814-486C-BF8A-5A66C4A4B100}"
EndProject
Project("{9A19103F-16F7-4668-BE54-9A1E7A4F7556}") = "Capricorn.Entity.Mapping", "Capricorn.Logic\Capricorn.Entity.Mapping\Capricorn.Entity.Mapping.csproj", "{72DDB197-55FF-42DF-8069-E71FD8A424CC}"
EndProject
Project("{9A19103F-16F7-4668-BE54-9A1E7A4F7556}") = "Capricorn.Logic.Organization", "Capricorn.Logic\Capricorn.Logic.Organization\Capricorn.Logic.Organization.csproj", "{3DD52331-1C80-49B9-B2B4-62CC0BA845E8}"
EndProject
Project("{2150E333-8FDC-42A3-9474-1A3956D46DE8}") = "Util", "Util", "{E7FC57CA-2FA7-4C30-8873-A87785458847}"
EndProject
Project("{9A19103F-16F7-4668-BE54-9A1E7A4F7556}") = "Capricorn.Util", "Capricorn.Infrastructure\Util\Capricorn.Util\Capricorn.Util.csproj", "{E9A243BD-66B8-4117-9809-95C3F0979EB6}"
EndProject
Project("{FAE04EC0-301F-11D3-BF4B-00C04F79EFBC}") = "Capricorn.WebApi", "Capricorn.WebApi\Capricorn.WebApi.csproj", "{1B2ADDF1-F7AD-42EF-BAEF-5DFDB7E91533}"
EndProject
Global
	GlobalSection(SolutionConfigurationPlatforms) = preSolution
		Debug|Any CPU = Debug|Any CPU
		Release|Any CPU = Release|Any CPU
	EndGlobalSection
	GlobalSection(ProjectConfigurationPlatforms) = postSolution
		{49DEE3E4-DD92-4670-8CB5-FE5825B2F510}.Debug|Any CPU.ActiveCfg = Debug|Any CPU
		{49DEE3E4-DD92-4670-8CB5-FE5825B2F510}.Debug|Any CPU.Build.0 = Debug|Any CPU
		{49DEE3E4-DD92-4670-8CB5-FE5825B2F510}.Release|Any CPU.ActiveCfg = Release|Any CPU
		{49DEE3E4-DD92-4670-8CB5-FE5825B2F510}.Release|Any CPU.Build.0 = Release|Any CPU
		{8F329AEC-9553-4610-B528-9668E54D4D32}.Debug|Any CPU.ActiveCfg = Debug|Any CPU
		{8F329AEC-9553-4610-B528-9668E54D4D32}.Debug|Any CPU.Build.0 = Debug|Any CPU
		{8F329AEC-9553-4610-B528-9668E54D4D32}.Release|Any CPU.ActiveCfg = Release|Any CPU
		{8F329AEC-9553-4610-B528-9668E54D4D32}.Release|Any CPU.Build.0 = Release|Any CPU
		{13FF230B-4E76-4758-B3B5-5930709B68B2}.Debug|Any CPU.ActiveCfg = Debug|Any CPU
		{13FF230B-4E76-4758-B3B5-5930709B68B2}.Debug|Any CPU.Build.0 = Debug|Any CPU
		{13FF230B-4E76-4758-B3B5-5930709B68B2}.Release|Any CPU.ActiveCfg = Release|Any CPU
		{13FF230B-4E76-4758-B3B5-5930709B68B2}.Release|Any CPU.Build.0 = Release|Any CPU
		{72DDB197-55FF-42DF-8069-E71FD8A424CC}.Debug|Any CPU.ActiveCfg = Debug|Any CPU
		{72DDB197-55FF-42DF-8069-E71FD8A424CC}.Debug|Any CPU.Build.0 = Debug|Any CPU
		{72DDB197-55FF-42DF-8069-E71FD8A424CC}.Release|Any CPU.ActiveCfg = Release|Any CPU
		{72DDB197-55FF-42DF-8069-E71FD8A424CC}.Release|Any CPU.Build.0 = Release|Any CPU
		{3DD52331-1C80-49B9-B2B4-62CC0BA845E8}.Debug|Any CPU.ActiveCfg = Debug|Any CPU
		{3DD52331-1C80-49B9-B2B4-62CC0BA845E8}.Debug|Any CPU.Build.0 = Debug|Any CPU
		{3DD52331-1C80-49B9-B2B4-62CC0BA845E8}.Release|Any CPU.ActiveCfg = Release|Any CPU
		{3DD52331-1C80-49B9-B2B4-62CC0BA845E8}.Release|Any CPU.Build.0 = Release|Any CPU
		{E9A243BD-66B8-4117-9809-95C3F0979EB6}.Debug|Any CPU.ActiveCfg = Debug|Any CPU
		{E9A243BD-66B8-4117-9809-95C3F0979EB6}.Debug|Any CPU.Build.0 = Debug|Any CPU
		{E9A243BD-66B8-4117-9809-95C3F0979EB6}.Release|Any CPU.ActiveCfg = Release|Any CPU
		{E9A243BD-66B8-4117-9809-95C3F0979EB6}.Release|Any CPU.Build.0 = Release|Any CPU
		{1B2ADDF1-F7AD-42EF-BAEF-5DFDB7E91533}.Debug|Any CPU.ActiveCfg = Debug|Any CPU
		{1B2ADDF1-F7AD-42EF-BAEF-5DFDB7E91533}.Debug|Any CPU.Build.0 = Debug|Any CPU
		{1B2ADDF1-F7AD-42EF-BAEF-5DFDB7E91533}.Release|Any CPU.ActiveCfg = Release|Any CPU
		{1B2ADDF1-F7AD-42EF-BAEF-5DFDB7E91533}.Release|Any CPU.Build.0 = Release|Any CPU
	EndGlobalSection
	GlobalSection(SolutionProperties) = preSolution
		HideSolutionNode = FALSE
	EndGlobalSection
	GlobalSection(NestedProjects) = preSolution
		{49DEE3E4-DD92-4670-8CB5-FE5825B2F510} = {2C0A8483-FFB7-459D-97F2-F4F57632C200}
		{34D72C6A-23F7-479E-A136-CA52A1B385E2} = {90E3F378-CF30-4DF8-98C9-F86D62C0875F}
		{8F329AEC-9553-4610-B528-9668E54D4D32} = {34D72C6A-23F7-479E-A136-CA52A1B385E2}
		{3DF07DF4-8855-4CCA-84ED-C61E370A86E2} = {90E3F378-CF30-4DF8-98C9-F86D62C0875F}
		{3AD75FE3-1798-4316-BB0A-2B7D6E8B365A} = {90E3F378-CF30-4DF8-98C9-F86D62C0875F}
		{13CF0C86-E047-45F0-A695-0520990DA479} = {90E3F378-CF30-4DF8-98C9-F86D62C0875F}
		{13FF230B-4E76-4758-B3B5-5930709B68B2} = {3AD75FE3-1798-4316-BB0A-2B7D6E8B365A}
		{C79197A3-CE41-41EE-B5C8-AC75033CA162} = {D9AFA30C-8843-494A-A0D8-54FB6112AEBC}
		{44340EF3-4814-486C-BF8A-5A66C4A4B100} = {D9AFA30C-8843-494A-A0D8-54FB6112AEBC}
		{72DDB197-55FF-42DF-8069-E71FD8A424CC} = {C79197A3-CE41-41EE-B5C8-AC75033CA162}
		{3DD52331-1C80-49B9-B2B4-62CC0BA845E8} = {44340EF3-4814-486C-BF8A-5A66C4A4B100}
		{E7FC57CA-2FA7-4C30-8873-A87785458847} = {90E3F378-CF30-4DF8-98C9-F86D62C0875F}
		{E9A243BD-66B8-4117-9809-95C3F0979EB6} = {E7FC57CA-2FA7-4C30-8873-A87785458847}
		{1B2ADDF1-F7AD-42EF-BAEF-5DFDB7E91533} = {2C0A8483-FFB7-459D-97F2-F4F57632C200}
	EndGlobalSection
	GlobalSection(ExtensibilityGlobals) = postSolution
		SolutionGuid = {D4A0B969-7D7E-4BA1-AD07-C0F154E5DBED}
	EndGlobalSection
EndGlobal
